
Microsoft Visual Studio Solution File, Format Version 12.00
# Visual Studio Version 17
VisualStudioVersion = 17.7.34003.232
MinimumVisualStudioVersion = 10.0.40219.1
Project("{9A19103F-16F7-4668-BE54-9A1E7A4F7556}") = "Sales.Shared", "Sales.Shared\Sales.Shared.csproj", "{926B08F6-3898-455D-8C0C-8DEA06ABF7DA}"
EndProject
Project("{9A19103F-16F7-4668-BE54-9A1E7A4F7556}") = "Sales.Backend", "Sales.Backend\Sales.Backend.csproj", "{0C2353AA-4B95-46B1-AE61-3FCCE733C8B3}"
EndProject
Project("{9A19103F-16F7-4668-BE54-9A1E7A4F7556}") = "Sales.Frontend1", "Sales.Frontend1\Sales.Frontend1.csproj", "{70E71F98-34B1-43A1-A8D3-CB5A7C1A8216}"
EndProject
Global
	GlobalSection(SolutionConfigurationPlatforms) = preSolution
		Debug|Any CPU = Debug|Any CPU
		Release|Any CPU = Release|Any CPU
	EndGlobalSection
	GlobalSection(ProjectConfigurationPlatforms) = postSolution
		{926B08F6-3898-455D-8C0C-8DEA06ABF7DA}.Debug|Any CPU.ActiveCfg = Debug|Any CPU
		{926B08F6-3898-455D-8C0C-8DEA06ABF7DA}.Debug|Any CPU.Build.0 = Debug|Any CPU
		{926B08F6-3898-455D-8C0C-8DEA06ABF7DA}.Release|Any CPU.ActiveCfg = Release|Any CPU
		{926B08F6-3898-455D-8C0C-8DEA06ABF7DA}.Release|Any CPU.Build.0 = Release|Any CPU
		{0C2353AA-4B95-46B1-AE61-3FCCE733C8B3}.Debug|Any CPU.ActiveCfg = Debug|Any CPU
		{0C2353AA-4B95-46B1-AE61-3FCCE733C8B3}.Debug|Any CPU.Build.0 = Debug|Any CPU
		{0C2353AA-4B95-46B1-AE61-3FCCE733C8B3}.Release|Any CPU.ActiveCfg = Release|Any CPU
		{0C2353AA-4B95-46B1-AE61-3FCCE733C8B3}.Release|Any CPU.Build.0 = Release|Any CPU
		{70E71F98-34B1-43A1-A8D3-CB5A7C1A8216}.Debug|Any CPU.ActiveCfg = Debug|Any CPU
		{70E71F98-34B1-43A1-A8D3-CB5A7C1A8216}.Debug|Any CPU.Build.0 = Debug|Any CPU
		{70E71F98-34B1-43A1-A8D3-CB5A7C1A8216}.Release|Any CPU.ActiveCfg = Release|Any CPU
		{70E71F98-34B1-43A1-A8D3-CB5A7C1A8216}.Release|Any CPU.Build.0 = Release|Any CPU
	EndGlobalSection
	GlobalSection(SolutionProperties) = preSolution
		HideSolutionNode = FALSE
	EndGlobalSection
	GlobalSection(ExtensibilityGlobals) = postSolution
		SolutionGuid = {4353063E-E144-420A-AFD7-0680C8135B5B}
	EndGlobalSection
EndGlobal
